{
  "requires": true,
  "lockfileVersion": 1,
  "dependencies": {
    "hola-danielalvarez": {
      "version": "1.0.0",
      "resolved": "https://registry.npmjs.org/hola-danielalvarez/-/hola-danielalvarez-1.0.0.tgz",
      "integrity": "sha512-9eSVhhJj/XNj8+dZ/kH5h6nMT+lk0kD9FGe7SMm5dbtpq1bi5nJRu+GjQN21AqSLAjUuZ2mnOrybWyejhkZUzQ=="
    }
  }
}
